{
  "name": "BomBomBom-Adventures",
  "lockfileVersion": 3,
  "requires": true,
  "packages": {
    "": {
      "dependencies": {
        "@assemblyscript/loader": "^0.28.4",
        "as-sleep": "^0.0.2",
        "as2d": "^0.1.0",
        "ws": "^8.18.3"
      },
      "devDependencies": {
        "assemblyscript": "^0.27.37",
        "typescript": "^5.9.2"
      }
    },
    "node_modules/@assemblyscript/loader": {
      "version": "0.28.4",
      "resolved": "https://registry.npmjs.org/@assemblyscript/loader/-/loader-0.28.4.tgz",
      "integrity": "sha512-av83NIStkLvAicOP3OGsacZD0QCUSff9MdxmoNHrlYGh+7+AKA/59c55h05SiKMf3jZOIdvBBKVQ18BleWyEqg==",
      "license": "Apache-2.0"
    },
    "node_modules/as-sleep": {
      "version": "0.0.2",
      "resolved": "https://registry.npmjs.org/as-sleep/-/as-sleep-0.0.2.tgz",
      "integrity": "sha512-BrAZ0R2aqxp5wyZA72yPc0mgB8FiIwTR8+Sv6ynJSHw2klMj4wwsXWDQfj0RLaE3Qz7aaB8JkH+c6v3l0/ffhQ==",
      "license": "MIT"
    },
    "node_modules/as2d": {
      "version": "0.1.0",
      "resolved": "https://registry.npmjs.org/as2d/-/as2d-0.1.0.tgz",
      "integrity": "sha512-GM7gkbt5KiwpnvlbhB+4el1eSLtKjGTzGNVkV1+UaVx7yfiWZeZWlEjP1x6BQ++sWkR7pDSEf7YWgWbhCVU/oQ==",
      "license": "MIT",
      "dependencies": {
        "assemblyscript": "^0.8.0"
      }
    },
    "node_modules/as2d/node_modules/assemblyscript": {
      "version": "0.8.1",
      "resolved": "https://registry.npmjs.org/assemblyscript/-/assemblyscript-0.8.1.tgz",
      "integrity": "sha512-AEpb4Aq5g77XOxSvWn9ZFjIdfyypGavO5oKOAXUo22tnSpebGHdrx0iyVindGKkDlxWhHUc87B0fvM/w1fnpDg==",
      "license": "Apache-2.0",
      "dependencies": {
        "binaryen": "89.0.0-nightly.20191113",
        "long": "^4.0.0"
      },
      "bin": {
        "asc": "bin/asc",
        "asinit": "bin/asinit"
      },
      "funding": {
        "type": "opencollective",
        "url": "https://opencollective.com/assemblyscript"
      }
    },
    "node_modules/as2d/node_modules/binaryen": {
      "version": "89.0.0-nightly.20191113",
      "resolved": "https://registry.npmjs.org/binaryen/-/binaryen-89.0.0-nightly.20191113.tgz",
      "integrity": "sha512-scODswmj6Xf/Adjy1PRsjf8fHxpIIUYpH7HjKUaZ/RdZYjqB1Zq3X4izpLfcK+hKGNah92DpAJ3i/adEayMe9g==",
      "license": "Apache-2.0",
      "bin": {
        "binaryen-as": "bin/as.js",
        "binaryen-dis": "bin/dis.js",
        "binaryen-opt": "bin/opt.js"
      }
    },
    "node_modules/as2d/node_modules/long": {
      "version": "4.0.0",
      "resolved": "https://registry.npmjs.org/long/-/long-4.0.0.tgz",
      "integrity": "sha512-XsP+KhQif4bjX1kbuSiySJFNAehNxgLb6hPRGJ9QsUr8ajHkuXGdrHmFUTUUXhDwVX2R5bY4JNZEwbUiMhV+MA==",
      "license": "Apache-2.0"
    },
    "node_modules/assemblyscript": {
      "version": "0.27.37",
      "resolved": "https://registry.npmjs.org/assemblyscript/-/assemblyscript-0.27.37.tgz",
      "integrity": "sha512-YtY5k3PiV3SyUQ6gRlR2OCn8dcVRwkpiG/k2T5buoL2ymH/Z/YbaYWbk/f9mO2HTgEtGWjPiAQrIuvA7G/63Gg==",
      "dev": true,
      "license": "Apache-2.0",
      "dependencies": {
        "binaryen": "116.0.0-nightly.20240114",
        "long": "^5.2.4"
      },
      "bin": {
        "asc": "bin/asc.js",
        "asinit": "bin/asinit.js"
      },
      "engines": {
        "node": ">=18",
        "npm": ">=10"
      },
      "funding": {
        "type": "opencollective",
        "url": "https://opencollective.com/assemblyscript"
      }
    },
    "node_modules/binaryen": {
      "version": "116.0.0-nightly.20240114",
      "resolved": "https://registry.npmjs.org/binaryen/-/binaryen-116.0.0-nightly.20240114.tgz",
      "integrity": "sha512-0GZrojJnuhoe+hiwji7QFaL3tBlJoA+KFUN7ouYSDGZLSo9CKM8swQX8n/UcbR0d1VuZKU+nhogNzv423JEu5A==",
      "dev": true,
      "license": "Apache-2.0",
      "bin": {
        "wasm-opt": "bin/wasm-opt",
        "wasm2js": "bin/wasm2js"
      }
    },
    "node_modules/long": {
      "version": "5.3.1",
      "resolved": "https://registry.npmjs.org/long/-/long-5.3.1.tgz",
      "integrity": "sha512-ka87Jz3gcx/I7Hal94xaN2tZEOPoUOEVftkQqZx2EeQRN7LGdfLlI3FvZ+7WDplm+vK2Urx9ULrvSowtdCieng==",
      "dev": true,
      "license": "Apache-2.0"
    },
    "node_modules/typescript": {
      "version": "5.9.2",
      "resolved": "https://registry.npmjs.org/typescript/-/typescript-5.9.2.tgz",
      "integrity": "sha512-CWBzXQrc/qOkhidw1OzBTQuYRbfyxDXJMVJ1XNwUHGROVmuaeiEm3OslpZ1RV96d7SKKjZKrSJu3+t/xlw3R9A==",
      "dev": true,
      "license": "Apache-2.0",
      "bin": {
        "tsc": "bin/tsc",
        "tsserver": "bin/tsserver"
      },
      "engines": {
        "node": ">=14.17"
      }
    },
    "node_modules/ws": {
      "version": "8.18.3",
      "resolved": "https://registry.npmjs.org/ws/-/ws-8.18.3.tgz",
      "integrity": "sha512-PEIGCY5tSlUt50cqyMXfCzX+oOPqN0vuGqWzbcJ2xvnkzkq46oOpz7dQaTDBdfICb4N14+GARUDw2XV2N4tvzg==",
      "license": "MIT",
      "engines": {
        "node": ">=10.0.0"
      },
      "peerDependencies": {
        "bufferutil": "^4.0.1",
        "utf-8-validate": ">=5.0.2"
      },
      "peerDependenciesMeta": {
        "bufferutil": {
          "optional": true
        },
        "utf-8-validate": {
          "optional": true
        }
      }
    }
  }
}
